
Microsoft Visual Studio Solution File, Format Version 12.00
# Visual Studio 15
VisualStudioVersion = 15.0.28307.902
MinimumVisualStudioVersion = 10.0.40219.1
Project("{159641D6-6404-4A2A-AE62-294DE0FE8301}") = "10 Stage", "10 Stage\10 Stage.dtproj", "{BEF947BC-3D6A-47AF-A8E3-D87F6312FE55}"
EndProject
Project("{159641D6-6404-4A2A-AE62-294DE0FE8301}") = "30 INF FACT_DIM", "30 EDW\30 INF FACT_DIM.dtproj", "{4F22B97E-6E13-49B3-9BC2-4745D91EAF13}"
EndProject
Project("{00D1A9C2-B5F0-4AF3-8072-F6C62B433612}") = "DataMart", "DataMart\DataMart.sqlproj", "{B304FC1B-96D4-4E65-9CA0-C47A65F5BB2F}"
EndProject
Project("{00D1A9C2-B5F0-4AF3-8072-F6C62B433612}") = "NETDW", "NETDW\NETDW.sqlproj", "{5ED1E646-1073-49F2-B940-939FB1A04740}"
EndProject
Project("{00D1A9C2-B5F0-4AF3-8072-F6C62B433612}") = "NETSTAGE", "NETSTAGE\NETSTAGE.sqlproj", "{64BD0D2D-81F3-4BDE-A774-A1F4CC455E94}"
EndProject
Project("{159641D6-6404-4A2A-AE62-294DE0FE8301}") = "10 Stage INF", "10 Stage INF\10 Stage INF.dtproj", "{1D6F2AEC-EB51-427A-9AA8-94AB94165CA6}"
EndProject
Global
	GlobalSection(SolutionConfigurationPlatforms) = preSolution
		Debug|Any CPU = Debug|Any CPU
		Development|Any CPU = Development|Any CPU
		Release|Any CPU = Release|Any CPU
	EndGlobalSection
	GlobalSection(ProjectConfigurationPlatforms) = postSolution
		{BEF947BC-3D6A-47AF-A8E3-D87F6312FE55}.Debug|Any CPU.ActiveCfg = Development
		{BEF947BC-3D6A-47AF-A8E3-D87F6312FE55}.Debug|Any CPU.Build.0 = Development
		{BEF947BC-3D6A-47AF-A8E3-D87F6312FE55}.Development|Any CPU.ActiveCfg = Development
		{BEF947BC-3D6A-47AF-A8E3-D87F6312FE55}.Development|Any CPU.Build.0 = Development
		{BEF947BC-3D6A-47AF-A8E3-D87F6312FE55}.Release|Any CPU.ActiveCfg = Development
		{BEF947BC-3D6A-47AF-A8E3-D87F6312FE55}.Release|Any CPU.Build.0 = Development
		{4F22B97E-6E13-49B3-9BC2-4745D91EAF13}.Debug|Any CPU.ActiveCfg = Development
		{4F22B97E-6E13-49B3-9BC2-4745D91EAF13}.Debug|Any CPU.Build.0 = Development
		{4F22B97E-6E13-49B3-9BC2-4745D91EAF13}.Development|Any CPU.ActiveCfg = Development
		{4F22B97E-6E13-49B3-9BC2-4745D91EAF13}.Development|Any CPU.Build.0 = Development
		{4F22B97E-6E13-49B3-9BC2-4745D91EAF13}.Release|Any CPU.ActiveCfg = Development
		{4F22B97E-6E13-49B3-9BC2-4745D91EAF13}.Release|Any CPU.Build.0 = Development
		{B304FC1B-96D4-4E65-9CA0-C47A65F5BB2F}.Debug|Any CPU.ActiveCfg = Debug|Any CPU
		{B304FC1B-96D4-4E65-9CA0-C47A65F5BB2F}.Debug|Any CPU.Build.0 = Debug|Any CPU
		{B304FC1B-96D4-4E65-9CA0-C47A65F5BB2F}.Debug|Any CPU.Deploy.0 = Debug|Any CPU
		{B304FC1B-96D4-4E65-9CA0-C47A65F5BB2F}.Development|Any CPU.ActiveCfg = Debug|Any CPU
		{B304FC1B-96D4-4E65-9CA0-C47A65F5BB2F}.Development|Any CPU.Build.0 = Debug|Any CPU
		{B304FC1B-96D4-4E65-9CA0-C47A65F5BB2F}.Development|Any CPU.Deploy.0 = Debug|Any CPU
		{B304FC1B-96D4-4E65-9CA0-C47A65F5BB2F}.Release|Any CPU.ActiveCfg = Release|Any CPU
		{B304FC1B-96D4-4E65-9CA0-C47A65F5BB2F}.Release|Any CPU.Build.0 = Release|Any CPU
		{B304FC1B-96D4-4E65-9CA0-C47A65F5BB2F}.Release|Any CPU.Deploy.0 = Release|Any CPU
		{5ED1E646-1073-49F2-B940-939FB1A04740}.Debug|Any CPU.ActiveCfg = Debug|Any CPU
		{5ED1E646-1073-49F2-B940-939FB1A04740}.Debug|Any CPU.Build.0 = Debug|Any CPU
		{5ED1E646-1073-49F2-B940-939FB1A04740}.Debug|Any CPU.Deploy.0 = Debug|Any CPU
		{5ED1E646-1073-49F2-B940-939FB1A04740}.Development|Any CPU.ActiveCfg = Debug|Any CPU
		{5ED1E646-1073-49F2-B940-939FB1A04740}.Development|Any CPU.Build.0 = Debug|Any CPU
		{5ED1E646-1073-49F2-B940-939FB1A04740}.Development|Any CPU.Deploy.0 = Debug|Any CPU
		{5ED1E646-1073-49F2-B940-939FB1A04740}.Release|Any CPU.ActiveCfg = Release|Any CPU
		{5ED1E646-1073-49F2-B940-939FB1A04740}.Release|Any CPU.Build.0 = Release|Any CPU
		{5ED1E646-1073-49F2-B940-939FB1A04740}.Release|Any CPU.Deploy.0 = Release|Any CPU
		{64BD0D2D-81F3-4BDE-A774-A1F4CC455E94}.Debug|Any CPU.ActiveCfg = Debug|Any CPU
		{64BD0D2D-81F3-4BDE-A774-A1F4CC455E94}.Debug|Any CPU.Build.0 = Debug|Any CPU
		{64BD0D2D-81F3-4BDE-A774-A1F4CC455E94}.Debug|Any CPU.Deploy.0 = Debug|Any CPU
		{64BD0D2D-81F3-4BDE-A774-A1F4CC455E94}.Development|Any CPU.ActiveCfg = Debug|Any CPU
		{64BD0D2D-81F3-4BDE-A774-A1F4CC455E94}.Development|Any CPU.Build.0 = Debug|Any CPU
		{64BD0D2D-81F3-4BDE-A774-A1F4CC455E94}.Development|Any CPU.Deploy.0 = Debug|Any CPU
		{64BD0D2D-81F3-4BDE-A774-A1F4CC455E94}.Release|Any CPU.ActiveCfg = Release|Any CPU
		{64BD0D2D-81F3-4BDE-A774-A1F4CC455E94}.Release|Any CPU.Build.0 = Release|Any CPU
		{64BD0D2D-81F3-4BDE-A774-A1F4CC455E94}.Release|Any CPU.Deploy.0 = Release|Any CPU
		{1D6F2AEC-EB51-427A-9AA8-94AB94165CA6}.Debug|Any CPU.ActiveCfg = Development
		{1D6F2AEC-EB51-427A-9AA8-94AB94165CA6}.Debug|Any CPU.Build.0 = Development
		{1D6F2AEC-EB51-427A-9AA8-94AB94165CA6}.Development|Any CPU.ActiveCfg = Development
		{1D6F2AEC-EB51-427A-9AA8-94AB94165CA6}.Development|Any CPU.Build.0 = Development
		{1D6F2AEC-EB51-427A-9AA8-94AB94165CA6}.Release|Any CPU.ActiveCfg = Development
		{1D6F2AEC-EB51-427A-9AA8-94AB94165CA6}.Release|Any CPU.Build.0 = Development
	EndGlobalSection
	GlobalSection(SolutionProperties) = preSolution
		HideSolutionNode = FALSE
	EndGlobalSection
	GlobalSection(ExtensibilityGlobals) = postSolution
		SolutionGuid = {0B928DB6-106F-4B5D-BB25-30E909F26606}
	EndGlobalSection
EndGlobal
